
Microsoft Visual Studio Solution File, Format Version 12.00
# Visual Studio Version 17
VisualStudioVersion = 17.3.32811.315
MinimumVisualStudioVersion = 10.0.40219.1
Project("{FAE04EC0-301F-11D3-BF4B-00C04F79EFBC}") = "BlazorMatchGame", "BlazorMatchGame\BlazorMatchGame.csproj", "{D3EF92F4-A193-43FC-BEB5-A43D7E01B859}"
EndProject
Global
	GlobalSection(SolutionConfigurationPlatforms) = preSolution
		Debug|Any CPU = Debug|Any CPU
		Release|Any CPU = Release|Any CPU
	EndGlobalSection
	GlobalSection(ProjectConfigurationPlatforms) = postSolution
		{D3EF92F4-A193-43FC-BEB5-A43D7E01B859}.Debug|Any CPU.ActiveCfg = Debug|Any CPU
		{D3EF92F4-A193-43FC-BEB5-A43D7E01B859}.Debug|Any CPU.Build.0 = Debug|Any CPU
		{D3EF92F4-A193-43FC-BEB5-A43D7E01B859}.Release|Any CPU.ActiveCfg = Release|Any CPU
		{D3EF92F4-A193-43FC-BEB5-A43D7E01B859}.Release|Any CPU.Build.0 = Release|Any CPU
	EndGlobalSection
	GlobalSection(SolutionProperties) = preSolution
		HideSolutionNode = FALSE
	EndGlobalSection
	GlobalSection(ExtensibilityGlobals) = postSolution
		SolutionGuid = {D0F9F27B-69C1-42A7-891E-E6F8ABA91EFE}
	EndGlobalSection
EndGlobal
